hash: 397707e1f4f36c69842109d3fbbe4a91f6e2a56577dce5eb3e670e13751510b6
updated: 2016-08-25T20:09:10.724226595+02:00
imports:
- name: github.com/bborbe/http_handler
  version: 88aeecad6b6b07bc2ec369c4e147b7081310c726
  subpackages:
  - cachingheader
  - contenttype
  - debug
  - fallback
  - log
  - static
- name: github.com/bborbe/http_handler_finder
  version: 3ea5293963523604d4457c6fad290da1d97afc38
  subpackages:
  - part
  - dummy
- name: github.com/bborbe/io
  version: a92503d8d6377ff0e8b24ad2007cc83546a50817
  subpackages:
  - buffered_writer
- name: github.com/bborbe/log
  version: 0250bb5b2e2bd833cb9a47333c28aa46751cdbfe
- name: github.com/facebookgo/clock
  version: 600d898af40aa09a7a93ecb9265d87b0504b6f03
- name: github.com/facebookgo/grace
  version: 053ab5d25436faedf3fe76fbf3da797c8c27c659
  subpackages:
  - gracehttp
  - gracenet
- name: github.com/facebookgo/httpdown
  version: a3b1354551a26449fbe05f5d855937f6e7acbd71
- name: github.com/facebookgo/stats
  version: 1b76add642e42c6ffba7211ad7b3939ce654526e
testImports:
- name: github.com/bborbe/assert
  version: f767bd2fffab5a86d5a887e2415d399e8aade8bf
